
Microsoft Visual Studio Solution File, Format Version 12.00
# Visual Studio Version 17
VisualStudioVersion = 17.3.32929.385
MinimumVisualStudioVersion = 10.0.40219.1
Project("{FAE04EC0-301F-11D3-BF4B-00C04F79EFBC}") = "Probleme FP setul 1", "Probleme FP setul 1\Probleme FP setul 1.csproj", "{9BD9E221-7531-4771-923E-1FA82FE3C28D}"
EndProject
Global
	GlobalSection(SolutionConfigurationPlatforms) = preSolution
		Debug|Any CPU = Debug|Any CPU
		Release|Any CPU = Release|Any CPU
	EndGlobalSection
	GlobalSection(ProjectConfigurationPlatforms) = postSolution
		{9BD9E221-7531-4771-923E-1FA82FE3C28D}.Debug|Any CPU.ActiveCfg = Debug|Any CPU
		{9BD9E221-7531-4771-923E-1FA82FE3C28D}.Debug|Any CPU.Build.0 = Debug|Any CPU
		{9BD9E221-7531-4771-923E-1FA82FE3C28D}.Release|Any CPU.ActiveCfg = Release|Any CPU
		{9BD9E221-7531-4771-923E-1FA82FE3C28D}.Release|Any CPU.Build.0 = Release|Any CPU
	EndGlobalSection
	GlobalSection(SolutionProperties) = preSolution
		HideSolutionNode = FALSE
	EndGlobalSection
	GlobalSection(ExtensibilityGlobals) = postSolution
		SolutionGuid = {D2CDFF99-B8C6-49A6-84B8-E20CF01AF4F5}
	EndGlobalSection
EndGlobal
